
Microsoft Visual Studio Solution File, Format Version 12.00
# Visual Studio 15
VisualStudioVersion = 15.0.28010.2026
MinimumVisualStudioVersion = 10.0.40219.1
Project("{FAE04EC0-301F-11D3-BF4B-00C04F79EFBC}") = "OztoGrLibr", "OztoGrLibr\OztoGrLibr.csproj", "{042FEBB9-3900-4D74-9143-BD3BEDAE6477}"
EndProject
Global
	GlobalSection(SolutionConfigurationPlatforms) = preSolution
		Debug|Any CPU = Debug|Any CPU
		Release|Any CPU = Release|Any CPU
	EndGlobalSection
	GlobalSection(ProjectConfigurationPlatforms) = postSolution
		{042FEBB9-3900-4D74-9143-BD3BEDAE6477}.Debug|Any CPU.ActiveCfg = Debug|Any CPU
		{042FEBB9-3900-4D74-9143-BD3BEDAE6477}.Debug|Any CPU.Build.0 = Debug|Any CPU
		{042FEBB9-3900-4D74-9143-BD3BEDAE6477}.Release|Any CPU.ActiveCfg = Release|Any CPU
		{042FEBB9-3900-4D74-9143-BD3BEDAE6477}.Release|Any CPU.Build.0 = Release|Any CPU
	EndGlobalSection
	GlobalSection(SolutionProperties) = preSolution
		HideSolutionNode = FALSE
	EndGlobalSection
	GlobalSection(ExtensibilityGlobals) = postSolution
		SolutionGuid = {5201D994-2752-4252-9F65-4A4B4EE781F8}
	EndGlobalSection
EndGlobal
